// !$*UTF8*$!
{
	archiveVersion = 1;
	classes = {
	};
	objectVersion = 46;
	objects = {

/* Begin PBXBuildFile section */
		91FE03731E90A9D6000929C0 /* AppDelegate.swift in Sources */ = {isa = PBXBuildFile; fileRef = 91FE03721E90A9D6000929C0 /* AppDelegate.swift */; };
		91FE03781E90A9D6000929C0 /* Main.storyboard in Resources */ = {isa = PBXBuildFile; fileRef = 91FE03761E90A9D6000929C0 /* Main.storyboard */; };
		91FE037A1E90A9D6000929C0 /* Assets.xcassets in Resources */ = {isa = PBXBuildFile; fileRef = 91FE03791E90A9D6000929C0 /* Assets.xcassets */; };
		91FE037D1E90A9D6000929C0 /* LaunchScreen.storyboard in Resources */ = {isa = PBXBuildFile; fileRef = 91FE037B1E90A9D6000929C0 /* LaunchScreen.storyboard */; };
		91FE03851E90AA47000929C0 /* RestaurantTableViewController.swift in Sources */ = {isa = PBXBuildFile; fileRef = 91FE03841E90AA47000929C0 /* RestaurantTableViewController.swift */; };
		91FE03871E90AE63000929C0 /* RestaurantTableViewCell.swift in Sources */ = {isa = PBXBuildFile; fileRef = 91FE03861E90AE63000929C0 /* RestaurantTableViewCell.swift */; };
		91FE03891E90C762000929C0 /* RestaurantDetailViewController.swift in Sources */ = {isa = PBXBuildFile; fileRef = 91FE03881E90C762000929C0 /* RestaurantDetailViewController.swift */; };
		91FE038B1E90C9FE000929C0 /* Restaurant.swift in Sources */ = {isa = PBXBuildFile; fileRef = 91FE038A1E90C9FE000929C0 /* Restaurant.swift */; };
		91FE03961E91E5A3000929C0 /* RestaurantDetailTableViewCell.swift in Sources */ = {isa = PBXBuildFile; fileRef = 91FE03951E91E5A3000929C0 /* RestaurantDetailTableViewCell.swift */; };
		91FE039B1E91FED7000929C0 /* ReviewViewController.swift in Sources */ = {isa = PBXBuildFile; fileRef = 91FE039A1E91FED7000929C0 /* ReviewViewController.swift */; };
		91FE039E1E9312E6000929C0 /* MapKit.framework in Frameworks */ = {isa = PBXBuildFile; fileRef = 91FE039D1E9312E6000929C0 /* MapKit.framework */; };
		91FE03A01E9319EB000929C0 /* MapViewController.swift in Sources */ = {isa = PBXBuildFile; fileRef = 91FE039F1E9319EB000929C0 /* MapViewController.swift */; };
		91FE03A21E93270E000929C0 /* AddRestaurantController.swift in Sources */ = {isa = PBXBuildFile; fileRef = 91FE03A11E93270E000929C0 /* AddRestaurantController.swift */; };
/* End PBXBuildFile section */

/* Begin PBXFileReference section */
		91FE036F1E90A9D6000929C0 /* FoodPin.app */ = {isa = PBXFileReference; explicitFileType = wrapper.application; includeInIndex = 0; path = FoodPin.app; sourceTree = BUILT_PRODUCTS_DIR; };
		91FE03721E90A9D6000929C0 /* AppDelegate.swift */ = {isa = PBXFileReference; lastKnownFileType = sourcecode.swift; path = AppDelegate.swift; sourceTree = "<group>"; };
		91FE03771E90A9D6000929C0 /* Base */ = {isa = PBXFileReference; lastKnownFileType = file.storyboard; name = Base; path = Base.lproj/Main.storyboard; sourceTree = "<group>"; };
		91FE03791E90A9D6000929C0 /* Assets.xcassets */ = {isa = PBXFileReference; lastKnownFileType = folder.assetcatalog; path = Assets.xcassets; sourceTree = "<group>"; };
		91FE037C1E90A9D6000929C0 /* Base */ = {isa = PBXFileReference; lastKnownFileType = file.storyboard; name = Base; path = Base.lproj/LaunchScreen.storyboard; sourceTree = "<group>"; };
		91FE037E1E90A9D6000929C0 /* Info.plist */ = {isa = PBXFileReference; lastKnownFileType = text.plist.xml; path = Info.plist; sourceTree = "<group>"; };
		91FE03841E90AA47000929C0 /* RestaurantTableViewController.swift */ = {isa = PBXFileReference; fileEncoding = 4; lastKnownFileType = sourcecode.swift; path = RestaurantTableViewController.swift; sourceTree = "<group>"; };
		91FE03861E90AE63000929C0 /* RestaurantTableViewCell.swift */ = {isa = PBXFileReference; fileEncoding = 4; lastKnownFileType = sourcecode.swift; path = RestaurantTableViewCell.swift; sourceTree = "<group>"; };
		91FE03881E90C762000929C0 /* RestaurantDetailViewController.swift */ = {isa = PBXFileReference; fileEncoding = 4; lastKnownFileType = sourcecode.swift; path = RestaurantDetailViewController.swift; sourceTree = "<group>"; };
		91FE038A1E90C9FE000929C0 /* Restaurant.swift */ = {isa = PBXFileReference; fileEncoding = 4; lastKnownFileType = sourcecode.swift; path = Restaurant.swift; sourceTree = "<group>"; };
		91FE03951E91E5A3000929C0 /* RestaurantDetailTableViewCell.swift */ = {isa = PBXFileReference; fileEncoding = 4; lastKnownFileType = sourcecode.swift; path = RestaurantDetailTableViewCell.swift; sourceTree = "<group>"; };
		91FE039A1E91FED7000929C0 /* ReviewViewController.swift */ = {isa = PBXFileReference; fileEncoding = 4; lastKnownFileType = sourcecode.swift; path = ReviewViewController.swift; sourceTree = "<group>"; };
		91FE039D1E9312E6000929C0 /* MapKit.framework */ = {isa = PBXFileReference; lastKnownFileType = wrapper.framework; name = MapKit.framework; path = System/Library/Frameworks/MapKit.framework; sourceTree = SDKROOT; };
		91FE039F1E9319EB000929C0 /* MapViewController.swift */ = {isa = PBXFileReference; fileEncoding = 4; lastKnownFileType = sourcecode.swift; path = MapViewController.swift; sourceTree = "<group>"; };
		91FE03A11E93270E000929C0 /* AddRestaurantController.swift */ = {isa = PBXFileReference; fileEncoding = 4; lastKnownFileType = sourcecode.swift; path = AddRestaurantController.swift; sourceTree = "<group>"; };
/* End PBXFileReference section */

/* Begin PBXFrameworksBuildPhase section */
		91FE036C1E90A9D6000929C0 /* Frameworks */ = {
			isa = PBXFrameworksBuildPhase;
			buildActionMask = 2147483647;
			files = (
				91FE039E1E9312E6000929C0 /* MapKit.framework in Frameworks */,
			);
			runOnlyForDeploymentPostprocessing = 0;
		};
/* End PBXFrameworksBuildPhase section */

/* Begin PBXGroup section */
		91FE03661E90A9D6000929C0 = {
			isa = PBXGroup;
			children = (
				91FE03711E90A9D6000929C0 /* FoodPin */,
				91FE03701E90A9D6000929C0 /* Products */,
				91FE039C1E9312E6000929C0 /* Frameworks */,
			);
			sourceTree = "<group>";
		};
		91FE03701E90A9D6000929C0 /* Products */ = {
			isa = PBXGroup;
			children = (
				91FE036F1E90A9D6000929C0 /* FoodPin.app */,
			);
			name = Products;
			sourceTree = "<group>";
		};
		91FE03711E90A9D6000929C0 /* FoodPin */ = {
			isa = PBXGroup;
			children = (
				91FE03721E90A9D6000929C0 /* AppDelegate.swift */,
				91FE03761E90A9D6000929C0 /* Main.storyboard */,
				91FE03791E90A9D6000929C0 /* Assets.xcassets */,
				91FE037B1E90A9D6000929C0 /* LaunchScreen.storyboard */,
				91FE037E1E90A9D6000929C0 /* Info.plist */,
				91FE03841E90AA47000929C0 /* RestaurantTableViewController.swift */,
				91FE03861E90AE63000929C0 /* RestaurantTableViewCell.swift */,
				91FE03881E90C762000929C0 /* RestaurantDetailViewController.swift */,
				91FE038A1E90C9FE000929C0 /* Restaurant.swift */,
				91FE03951E91E5A3000929C0 /* RestaurantDetailTableViewCell.swift */,
				91FE039A1E91FED7000929C0 /* ReviewViewController.swift */,
				91FE039F1E9319EB000929C0 /* MapViewController.swift */,
				91FE03A11E93270E000929C0 /* AddRestaurantController.swift */,
			);
			path = FoodPin;
			sourceTree = "<group>";
		};
		91FE039C1E9312E6000929C0 /* Frameworks */ = {
			isa = PBXGroup;
			children = (
				91FE039D1E9312E6000929C0 /* MapKit.framework */,
			);
			name = Frameworks;
			sourceTree = "<group>";
		};
/* End PBXGroup section */

/* Begin PBXNativeTarget section */
		91FE036E1E90A9D6000929C0 /* FoodPin */ = {
			isa = PBXNativeTarget;
			buildConfigurationList = 91FE03811E90A9D6000929C0 /* Build configuration list for PBXNativeTarget "FoodPin" */;
			buildPhases = (
				91FE036B1E90A9D6000929C0 /* Sources */,
				91FE036C1E90A9D6000929C0 /* Frameworks */,
				91FE036D1E90A9D6000929C0 /* Resources */,
			);
			buildRules = (
			);
			dependencies = (
			);
			name = FoodPin;
			productName = FoodPin;
			productReference = 91FE036F1E90A9D6000929C0 /* FoodPin.app */;
			productType = "com.apple.product-type.application";
		};
/* End PBXNativeTarget section */

/* Begin PBXProject section */
		91FE03671E90A9D6000929C0 /* Project object */ = {
			isa = PBXProject;
			attributes = {
				LastSwiftUpdateCheck = 0830;
				LastUpgradeCheck = 0830;
				ORGANIZATIONNAME = SeanPerez;
				TargetAttributes = {
					91FE036E1E90A9D6000929C0 = {
						CreatedOnToolsVersion = 8.3;
						DevelopmentTeam = PW5CGBBSUC;
						ProvisioningStyle = Automatic;
						SystemCapabilities = {
							com.apple.Maps.iOS = {
								enabled = 1;
							};
						};
					};
				};
			};
			buildConfigurationList = 91FE036A1E90A9D6000929C0 /* Build configuration list for PBXProject "FoodPin" */;
			compatibilityVersion = "Xcode 3.2";
			developmentRegion = English;
			hasScannedForEncodings = 0;
			knownRegions = (
				en,
				Base,
			);
			mainGroup = 91FE03661E90A9D6000929C0;
			productRefGroup = 91FE03701E90A9D6000929C0 /* Products */;
			projectDirPath = "";
			projectRoot = "";
			targets = (
				91FE036E1E90A9D6000929C0 /* FoodPin */,
			);
		};
/* End PBXProject section */

/* Begin PBXResourcesBuildPhase section */
		91FE036D1E90A9D6000929C0 /* Resources */ = {
			isa = PBXResourcesBuildPhase;
			buildActionMask = 2147483647;
			files = (
				91FE037D1E90A9D6000929C0 /* LaunchScreen.storyboard in Resources */,
				91FE037A1E90A9D6000929C0 /* Assets.xcassets in Resources */,
				91FE03781E90A9D6000929C0 /* Main.storyboard in Resources */,
			);
			runOnlyForDeploymentPostprocessing = 0;
		};
/* End PBXResourcesBuildPhase section */

/* Begin PBXSourcesBuildPhase section */
		91FE036B1E90A9D6000929C0 /* Sources */ = {
			isa = PBXSourcesBuildPhase;
			buildActionMask = 2147483647;
			files = (
				91FE03A21E93270E000929C0 /* AddRestaurantController.swift in Sources */,
				91FE038B1E90C9FE000929C0 /* Restaurant.swift in Sources */,
				91FE03851E90AA47000929C0 /* RestaurantTableViewController.swift in Sources */,
				91FE039B1E91FED7000929C0 /* ReviewViewController.swift in Sources */,
				91FE03871E90AE63000929C0 /* RestaurantTableViewCell.swift in Sources */,
				91FE03961E91E5A3000929C0 /* RestaurantDetailTableViewCell.swift in Sources */,
				91FE03891E90C762000929C0 /* RestaurantDetailViewController.swift in Sources */,
				91FE03731E90A9D6000929C0 /* AppDelegate.swift in Sources */,
				91FE03A01E9319EB000929C0 /* MapViewController.swift in Sources */,
			);
			runOnlyForDeploymentPostprocessing = 0;
		};
/* End PBXSourcesBuildPhase section */

/* Begin PBXVariantGroup section */
		91FE03761E90A9D6000929C0 /* Main.storyboard */ = {
			isa = PBXVariantGroup;
			children = (
				91FE03771E90A9D6000929C0 /* Base */,
			);
			name = Main.storyboard;
			sourceTree = "<group>";
		};
		91FE037B1E90A9D6000929C0 /* LaunchScreen.storyboard */ = {
			isa = PBXVariantGroup;
			children = (
				91FE037C1E90A9D6000929C0 /* Base */,
			);
			name = LaunchScreen.storyboard;
			sourceTree = "<group>";
		};
/* End PBXVariantGroup section */

/* Begin XCBuildConfiguration section */
		91FE037F1E90A9D6000929C0 /* Debug */ = {
			isa = XCBuildConfiguration;
			buildSettings = {
				ALWAYS_SEARCH_USER_PATHS = NO;
				CLANG_ANALYZER_NONNULL = YES;
				CLANG_ANALYZER_NUMBER_OBJECT_CONVERSION = YES_AGGRESSIVE;
				CLANG_CXX_LANGUAGE_STANDARD = "gnu++0x";
				CLANG_CXX_LIBRARY = "libc++";
				CLANG_ENABLE_MODULES = YES;
				CLANG_ENABLE_OBJC_ARC = YES;
				CLANG_WARN_BOOL_CONVERSION = YES;
				CLANG_WARN_CONSTANT_CONVERSION = YES;
				CLANG_WARN_DIRECT_OBJC_ISA_USAGE = YES_ERROR;
				CLANG_WARN_DOCUMENTATION_COMMENTS = YES;
				CLANG_WARN_EMPTY_BODY = YES;
				CLANG_WARN_ENUM_CONVERSION = YES;
				CLANG_WARN_INFINITE_RECURSION = YES;
				CLANG_WARN_INT_CONVERSION = YES;
				CLANG_WARN_OBJC_ROOT_CLASS = YES_ERROR;
				CLANG_WARN_SUSPICIOUS_MOVE = YES;
				CLANG_WARN_UNREACHABLE_CODE = YES;
				CLANG_WARN__DUPLICATE_METHOD_MATCH = YES;
				"CODE_SIGN_IDENTITY[sdk=iphoneos*]" = "iPhone Developer";
				COPY_PHASE_STRIP = NO;
				DEBUG_INFORMATION_FORMAT = dwarf;
				ENABLE_STRICT_OBJC_MSGSEND = YES;
				ENABLE_TESTABILITY = YES;
				GCC_C_LANGUAGE_STANDARD = gnu99;
				GCC_DYNAMIC_NO_PIC = NO;
				GCC_NO_COMMON_BLOCKS = YES;
				GCC_OPTIMIZATION_LEVEL = 0;
				GCC_PREPROCESSOR_DEFINITIONS = (
					"DEBUG=1",
					"$(inherited)",
				);
				GCC_WARN_64_TO_32_BIT_CONVERSION = YES;
				GCC_WARN_ABOUT_RETURN_TYPE = YES_ERROR;
				GCC_WARN_UNDECLARED_SELECTOR = YES;
				GCC_WARN_UNINITIALIZED_AUTOS = YES_AGGRESSIVE;
				GCC_WARN_UNUSED_FUNCTION = YES;
				GCC_WARN_UNUSED_VARIABLE = YES;
				IPHONEOS_DEPLOYMENT_TARGET = 10.3;
				MTL_ENABLE_DEBUG_INFO = YES;
				ONLY_ACTIVE_ARCH = YES;
				SDKROOT = iphoneos;
				SWIFT_ACTIVE_COMPILATION_CONDITIONS = DEBUG;
				SWIFT_OPTIMIZATION_LEVEL = "-Onone";
				TARGETED_DEVICE_FAMILY = "1,2";
			};
			name = Debug;
		};
		91FE03801E90A9D6000929C0 /* Release */ = {
			isa = XCBuildConfiguration;
			buildSettings = {
				ALWAYS_SEARCH_USER_PATHS = NO;
				CLANG_ANALYZER_NONNULL = YES;
				CLANG_ANALYZER_NUMBER_OBJECT_CONVERSION = YES_AGGRESSIVE;
				CLANG_CXX_LANGUAGE_STANDARD = "gnu++0x";
				CLANG_CXX_LIBRARY = "libc++";
				CLANG_ENABLE_MODULES = YES;
				CLANG_ENABLE_OBJC_ARC = YES;
				CLANG_WARN_BOOL_CONVERSION = YES;
				CLANG_WARN_CONSTANT_CONVERSION = YES;
				CLANG_WARN_DIRECT_OBJC_ISA_USAGE = YES_ERROR;
				CLANG_WARN_DOCUMENTATION_COMMENTS = YES;
				CLANG_WARN_EMPTY_BODY = YES;
				CLANG_WARN_ENUM_CONVERSION = YES;
				CLANG_WARN_INFINITE_RECURSION = YES;
				CLANG_WARN_INT_CONVERSION = YES;
				CLANG_WARN_OBJC_ROOT_CLASS = YES_ERROR;
				CLANG_WARN_SUSPICIOUS_MOVE = YES;
				CLANG_WARN_UNREACHABLE_CODE = YES;
				CLANG_WARN__DUPLICATE_METHOD_MATCH = YES;
				"CODE_SIGN_IDENTITY[sdk=iphoneos*]" = "iPhone Developer";
				COPY_PHASE_STRIP = NO;
				DEBUG_INFORMATION_FORMAT = "dwarf-with-dsym";
				ENABLE_NS_ASSERTIONS = NO;
				ENABLE_STRICT_OBJC_MSGSEND = YES;
				GCC_C_LANGUAGE_STANDARD = gnu99;
				GCC_NO_COMMON_BLOCKS = YES;
				GCC_WARN_64_TO_32_BIT_CONVERSION = YES;
				GCC_WARN_ABOUT_RETURN_TYPE = YES_ERROR;
				GCC_WARN_UNDECLARED_SELECTOR = YES;
				GCC_WARN_UNINITIALIZED_AUTOS = YES_AGGRESSIVE;
				GCC_WARN_UNUSED_FUNCTION = YES;
				GCC_WARN_UNUSED_VARIABLE = YES;
				IPHONEOS_DEPLOYMENT_TARGET = 10.3;
				MTL_ENABLE_DEBUG_INFO = NO;
				SDKROOT = iphoneos;
				SWIFT_OPTIMIZATION_LEVEL = "-Owholemodule";
				TARGETED_DEVICE_FAMILY = "1,2";
				VALIDATE_PRODUCT = YES;
			};
			name = Release;
		};
		91FE03821E90A9D6000929C0 /* Debug */ = {
			isa = XCBuildConfiguration;
			buildSettings = {
				ASSETCATALOG_COMPILER_APPICON_NAME = AppIcon;
				DEVELOPMENT_TEAM = PW5CGBBSUC;
				INFOPLIST_FILE = FoodPin/Info.plist;
				LD_RUNPATH_SEARCH_PATHS = "$(inherited) @executable_path/Frameworks";
				PRODUCT_BUNDLE_IDENTIFIER = com.seanperez.FoodPin;
				PRODUCT_NAME = "$(TARGET_NAME)";
				SWIFT_VERSION = 3.0;
			};
			name = Debug;
		};
		91FE03831E90A9D6000929C0 /* Release */ = {
			isa = XCBuildConfiguration;
			buildSettings = {
				ASSETCATALOG_COMPILER_APPICON_NAME = AppIcon;
				DEVELOPMENT_TEAM = PW5CGBBSUC;
				INFOPLIST_FILE = FoodPin/Info.plist;
				LD_RUNPATH_SEARCH_PATHS = "$(inherited) @executable_path/Frameworks";
				PRODUCT_BUNDLE_IDENTIFIER = com.seanperez.FoodPin;
				PRODUCT_NAME = "$(TARGET_NAME)";
				SWIFT_VERSION = 3.0;
			};
			name = Release;
		};
/* End XCBuildConfiguration section */

/* Begin XCConfigurationList section */
		91FE036A1E90A9D6000929C0 /* Build configuration list for PBXProject "FoodPin" */ = {
			isa = XCConfigurationList;
			buildConfigurations = (
				91FE037F1E90A9D6000929C0 /* Debug */,
				91FE03801E90A9D6000929C0 /* Release */,
			);
			defaultConfigurationIsVisible = 0;
			defaultConfigurationName = Release;
		};
		91FE03811E90A9D6000929C0 /* Build configuration list for PBXNativeTarget "FoodPin" */ = {
			isa = XCConfigurationList;
			buildConfigurations = (
				91FE03821E90A9D6000929C0 /* Debug */,
				91FE03831E90A9D6000929C0 /* Release */,
			);
			defaultConfigurationIsVisible = 0;
			defaultConfigurationName = Release;
		};
/* End XCConfigurationList section */
	};
	rootObject = 91FE03671E90A9D6000929C0 /* Project object */;
}
